// !$*UTF8*$!
{
	archiveVersion = 1;
	classes = {
	};
	objectVersion = 50;
	objects = {

/* Begin PBXBuildFile section */
		C574A65D24A179B20029164A /* AppDelegate.swift in Sources */ = {isa = PBXBuildFile; fileRef = C574A65C24A179B20029164A /* AppDelegate.swift */; };
		C574A65F24A179B20029164A /* SceneDelegate.swift in Sources */ = {isa = PBXBuildFile; fileRef = C574A65E24A179B20029164A /* SceneDelegate.swift */; };
		C574A66124A179B20029164A /* ViewController.swift in Sources */ = {isa = PBXBuildFile; fileRef = C574A66024A179B20029164A /* ViewController.swift */; };
		C574A66424A179B20029164A /* Main.storyboard in Resources */ = {isa = PBXBuildFile; fileRef = C574A66224A179B20029164A /* Main.storyboard */; };
		C574A66624A179B30029164A /* Assets.xcassets in Resources */ = {isa = PBXBuildFile; fileRef = C574A66524A179B30029164A /* Assets.xcassets */; };
		C574A66924A179B30029164A /* LaunchScreen.storyboard in Resources */ = {isa = PBXBuildFile; fileRef = C574A66724A179B30029164A /* LaunchScreen.storyboard */; };
		C574A67124A19DAC0029164A /* Petition.swift in Sources */ = {isa = PBXBuildFile; fileRef = C574A67024A19DAC0029164A /* Petition.swift */; };
		C574A67324A19E930029164A /* Petitions.swift in Sources */ = {isa = PBXBuildFile; fileRef = C574A67224A19E930029164A /* Petitions.swift */; };
		C574A67524A1A3330029164A /* DetailViewController.swift in Sources */ = {isa = PBXBuildFile; fileRef = C574A67424A1A3330029164A /* DetailViewController.swift */; };
/* End PBXBuildFile section */

/* Begin PBXFileReference section */
		C574A65924A179B20029164A /* hws-07-WhitehousePetitions.app */ = {isa = PBXFileReference; explicitFileType = wrapper.application; includeInIndex = 0; path = "hws-07-WhitehousePetitions.app"; sourceTree = BUILT_PRODUCTS_DIR; };
		C574A65C24A179B20029164A /* AppDelegate.swift */ = {isa = PBXFileReference; lastKnownFileType = sourcecode.swift; path = AppDelegate.swift; sourceTree = "<group>"; };
		C574A65E24A179B20029164A /* SceneDelegate.swift */ = {isa = PBXFileReference; lastKnownFileType = sourcecode.swift; path = SceneDelegate.swift; sourceTree = "<group>"; };
		C574A66024A179B20029164A /* ViewController.swift */ = {isa = PBXFileReference; lastKnownFileType = sourcecode.swift; path = ViewController.swift; sourceTree = "<group>"; };
		C574A66324A179B20029164A /* Base */ = {isa = PBXFileReference; lastKnownFileType = file.storyboard; name = Base; path = Base.lproj/Main.storyboard; sourceTree = "<group>"; };
		C574A66524A179B30029164A /* Assets.xcassets */ = {isa = PBXFileReference; lastKnownFileType = folder.assetcatalog; path = Assets.xcassets; sourceTree = "<group>"; };
		C574A66824A179B30029164A /* Base */ = {isa = PBXFileReference; lastKnownFileType = file.storyboard; name = Base; path = Base.lproj/LaunchScreen.storyboard; sourceTree = "<group>"; };
		C574A66A24A179B30029164A /* Info.plist */ = {isa = PBXFileReference; lastKnownFileType = text.plist.xml; path = Info.plist; sourceTree = "<group>"; };
		C574A67024A19DAC0029164A /* Petition.swift */ = {isa = PBXFileReference; lastKnownFileType = sourcecode.swift; path = Petition.swift; sourceTree = "<group>"; };
		C574A67224A19E930029164A /* Petitions.swift */ = {isa = PBXFileReference; lastKnownFileType = sourcecode.swift; path = Petitions.swift; sourceTree = "<group>"; };
		C574A67424A1A3330029164A /* DetailViewController.swift */ = {isa = PBXFileReference; lastKnownFileType = sourcecode.swift; path = DetailViewController.swift; sourceTree = "<group>"; };
/* End PBXFileReference section */

/* Begin PBXFrameworksBuildPhase section */
		C574A65624A179B20029164A /* Frameworks */ = {
			isa = PBXFrameworksBuildPhase;
			buildActionMask = 2147483647;
			files = (
			);
			runOnlyForDeploymentPostprocessing = 0;
		};
/* End PBXFrameworksBuildPhase section */

/* Begin PBXGroup section */
		C574A65024A179B20029164A = {
			isa = PBXGroup;
			children = (
				C574A65B24A179B20029164A /* hws-07-WhitehousePetitions */,
				C574A65A24A179B20029164A /* Products */,
			);
			sourceTree = "<group>";
		};
		C574A65A24A179B20029164A /* Products */ = {
			isa = PBXGroup;
			children = (
				C574A65924A179B20029164A /* hws-07-WhitehousePetitions.app */,
			);
			name = Products;
			sourceTree = "<group>";
		};
		C574A65B24A179B20029164A /* hws-07-WhitehousePetitions */ = {
			isa = PBXGroup;
			children = (
				C574A65C24A179B20029164A /* AppDelegate.swift */,
				C574A65E24A179B20029164A /* SceneDelegate.swift */,
				C574A67624A1A3430029164A /* Controllers */,
				C574A67724A1A34E0029164A /* Models */,
				C574A66224A179B20029164A /* Main.storyboard */,
				C574A66524A179B30029164A /* Assets.xcassets */,
				C574A66724A179B30029164A /* LaunchScreen.storyboard */,
				C574A66A24A179B30029164A /* Info.plist */,
			);
			path = "hws-07-WhitehousePetitions";
			sourceTree = "<group>";
		};
		C574A67624A1A3430029164A /* Controllers */ = {
			isa = PBXGroup;
			children = (
				C574A66024A179B20029164A /* ViewController.swift */,
				C574A67424A1A3330029164A /* DetailViewController.swift */,
			);
			path = Controllers;
			sourceTree = "<group>";
		};
		C574A67724A1A34E0029164A /* Models */ = {
			isa = PBXGroup;
			children = (
				C574A67024A19DAC0029164A /* Petition.swift */,
				C574A67224A19E930029164A /* Petitions.swift */,
			);
			path = Models;
			sourceTree = "<group>";
		};
/* End PBXGroup section */

/* Begin PBXNativeTarget section */
		C574A65824A179B20029164A /* hws-07-WhitehousePetitions */ = {
			isa = PBXNativeTarget;
			buildConfigurationList = C574A66D24A179B30029164A /* Build configuration list for PBXNativeTarget "hws-07-WhitehousePetitions" */;
			buildPhases = (
				C574A65524A179B20029164A /* Sources */,
				C574A65624A179B20029164A /* Frameworks */,
				C574A65724A179B20029164A /* Resources */,
			);
			buildRules = (
			);
			dependencies = (
			);
			name = "hws-07-WhitehousePetitions";
			productName = "hws-07-WhitehousePetitions";
			productReference = C574A65924A179B20029164A /* hws-07-WhitehousePetitions.app */;
			productType = "com.apple.product-type.application";
		};
/* End PBXNativeTarget section */

/* Begin PBXProject section */
		C574A65124A179B20029164A /* Project object */ = {
			isa = PBXProject;
			attributes = {
				LastSwiftUpdateCheck = 1150;
				LastUpgradeCheck = 1150;
				ORGANIZATIONNAME = PhilipHayes;
				TargetAttributes = {
					C574A65824A179B20029164A = {
						CreatedOnToolsVersion = 11.5;
					};
				};
			};
			buildConfigurationList = C574A65424A179B20029164A /* Build configuration list for PBXProject "hws-07-WhitehousePetitions" */;
			compatibilityVersion = "Xcode 9.3";
			developmentRegion = en;
			hasScannedForEncodings = 0;
			knownRegions = (
				en,
				Base,
			);
			mainGroup = C574A65024A179B20029164A;
			productRefGroup = C574A65A24A179B20029164A /* Products */;
			projectDirPath = "";
			projectRoot = "";
			targets = (
				C574A65824A179B20029164A /* hws-07-WhitehousePetitions */,
			);
		};
/* End PBXProject section */

/* Begin PBXResourcesBuildPhase section */
		C574A65724A179B20029164A /* Resources */ = {
			isa = PBXResourcesBuildPhase;
			buildActionMask = 2147483647;
			files = (
				C574A66924A179B30029164A /* LaunchScreen.storyboard in Resources */,
				C574A66624A179B30029164A /* Assets.xcassets in Resources */,
				C574A66424A179B20029164A /* Main.storyboard in Resources */,
			);
			runOnlyForDeploymentPostprocessing = 0;
		};
/* End PBXResourcesBuildPhase section */

/* Begin PBXSourcesBuildPhase section */
		C574A65524A179B20029164A /* Sources */ = {
			isa = PBXSourcesBuildPhase;
			buildActionMask = 2147483647;
			files = (
				C574A66124A179B20029164A /* ViewController.swift in Sources */,
				C574A67124A19DAC0029164A /* Petition.swift in Sources */,
				C574A65D24A179B20029164A /* AppDelegate.swift in Sources */,
				C574A67524A1A3330029164A /* DetailViewController.swift in Sources */,
				C574A65F24A179B20029164A /* SceneDelegate.swift in Sources */,
				C574A67324A19E930029164A /* Petitions.swift in Sources */,
			);
			runOnlyForDeploymentPostprocessing = 0;
		};
/* End PBXSourcesBuildPhase section */

/* Begin PBXVariantGroup section */
		C574A66224A179B20029164A /* Main.storyboard */ = {
			isa = PBXVariantGroup;
			children = (
				C574A66324A179B20029164A /* Base */,
			);
			name = Main.storyboard;
			sourceTree = "<group>";
		};
		C574A66724A179B30029164A /* LaunchScreen.storyboard */ = {
			isa = PBXVariantGroup;
			children = (
				C574A66824A179B30029164A /* Base */,
			);
			name = LaunchScreen.storyboard;
			sourceTree = "<group>";
		};
/* End PBXVariantGroup section */

/* Begin XCBuildConfiguration section */
		C574A66B24A179B30029164A /* Debug */ = {
			isa = XCBuildConfiguration;
			buildSettings = {
				ALWAYS_SEARCH_USER_PATHS = NO;
				CLANG_ANALYZER_NONNULL = YES;
				CLANG_ANALYZER_NUMBER_OBJECT_CONVERSION = YES_AGGRESSIVE;
				CLANG_CXX_LANGUAGE_STANDARD = "gnu++14";
				CLANG_CXX_LIBRARY = "libc++";
				CLANG_ENABLE_MODULES = YES;
				CLANG_ENABLE_OBJC_ARC = YES;
				CLANG_ENABLE_OBJC_WEAK = YES;
				CLANG_WARN_BLOCK_CAPTURE_AUTORELEASING = YES;
				CLANG_WARN_BOOL_CONVERSION = YES;
				CLANG_WARN_COMMA = YES;
				CLANG_WARN_CONSTANT_CONVERSION = YES;
				CLANG_WARN_DEPRECATED_OBJC_IMPLEMENTATIONS = YES;
				CLANG_WARN_DIRECT_OBJC_ISA_USAGE = YES_ERROR;
				CLANG_WARN_DOCUMENTATION_COMMENTS = YES;
				CLANG_WARN_EMPTY_BODY = YES;
				CLANG_WARN_ENUM_CONVERSION = YES;
				CLANG_WARN_INFINITE_RECURSION = YES;
				CLANG_WARN_INT_CONVERSION = YES;
				CLANG_WARN_NON_LITERAL_NULL_CONVERSION = YES;
				CLANG_WARN_OBJC_IMPLICIT_RETAIN_SELF = YES;
				CLANG_WARN_OBJC_LITERAL_CONVERSION = YES;
				CLANG_WARN_OBJC_ROOT_CLASS = YES_ERROR;
				CLANG_WARN_RANGE_LOOP_ANALYSIS = YES;
				CLANG_WARN_STRICT_PROTOTYPES = YES;
				CLANG_WARN_SUSPICIOUS_MOVE = YES;
				CLANG_WARN_UNGUARDED_AVAILABILITY = YES_AGGRESSIVE;
				CLANG_WARN_UNREACHABLE_CODE = YES;
				CLANG_WARN__DUPLICATE_METHOD_MATCH = YES;
				COPY_PHASE_STRIP = NO;
				DEBUG_INFORMATION_FORMAT = dwarf;
				ENABLE_STRICT_OBJC_MSGSEND = YES;
				ENABLE_TESTABILITY = YES;
				GCC_C_LANGUAGE_STANDARD = gnu11;
				GCC_DYNAMIC_NO_PIC = NO;
				GCC_NO_COMMON_BLOCKS = YES;
				GCC_OPTIMIZATION_LEVEL = 0;
				GCC_PREPROCESSOR_DEFINITIONS = (
					"DEBUG=1",
					"$(inherited)",
				);
				GCC_WARN_64_TO_32_BIT_CONVERSION = YES;
				GCC_WARN_ABOUT_RETURN_TYPE = YES_ERROR;
				GCC_WARN_UNDECLARED_SELECTOR = YES;
				GCC_WARN_UNINITIALIZED_AUTOS = YES_AGGRESSIVE;
				GCC_WARN_UNUSED_FUNCTION = YES;
				GCC_WARN_UNUSED_VARIABLE = YES;
				IPHONEOS_DEPLOYMENT_TARGET = 13.5;
				MTL_ENABLE_DEBUG_INFO = INCLUDE_SOURCE;
				MTL_FAST_MATH = YES;
				ONLY_ACTIVE_ARCH = YES;
				SDKROOT = iphoneos;
				SWIFT_ACTIVE_COMPILATION_CONDITIONS = DEBUG;
				SWIFT_OPTIMIZATION_LEVEL = "-Onone";
			};
			name = Debug;
		};
		C574A66C24A179B30029164A /* Release */ = {
			isa = XCBuildConfiguration;
			buildSettings = {
				ALWAYS_SEARCH_USER_PATHS = NO;
				CLANG_ANALYZER_NONNULL = YES;
				CLANG_ANALYZER_NUMBER_OBJECT_CONVERSION = YES_AGGRESSIVE;
				CLANG_CXX_LANGUAGE_STANDARD = "gnu++14";
				CLANG_CXX_LIBRARY = "libc++";
				CLANG_ENABLE_MODULES = YES;
				CLANG_ENABLE_OBJC_ARC = YES;
				CLANG_ENABLE_OBJC_WEAK = YES;
				CLANG_WARN_BLOCK_CAPTURE_AUTORELEASING = YES;
				CLANG_WARN_BOOL_CONVERSION = YES;
				CLANG_WARN_COMMA = YES;
				CLANG_WARN_CONSTANT_CONVERSION = YES;
				CLANG_WARN_DEPRECATED_OBJC_IMPLEMENTATIONS = YES;
				CLANG_WARN_DIRECT_OBJC_ISA_USAGE = YES_ERROR;
				CLANG_WARN_DOCUMENTATION_COMMENTS = YES;
				CLANG_WARN_EMPTY_BODY = YES;
				CLANG_WARN_ENUM_CONVERSION = YES;
				CLANG_WARN_INFINITE_RECURSION = YES;
				CLANG_WARN_INT_CONVERSION = YES;
				CLANG_WARN_NON_LITERAL_NULL_CONVERSION = YES;
				CLANG_WARN_OBJC_IMPLICIT_RETAIN_SELF = YES;
				CLANG_WARN_OBJC_LITERAL_CONVERSION = YES;
				CLANG_WARN_OBJC_ROOT_CLASS = YES_ERROR;
				CLANG_WARN_RANGE_LOOP_ANALYSIS = YES;
				CLANG_WARN_STRICT_PROTOTYPES = YES;
				CLANG_WARN_SUSPICIOUS_MOVE = YES;
				CLANG_WARN_UNGUARDED_AVAILABILITY = YES_AGGRESSIVE;
				CLANG_WARN_UNREACHABLE_CODE = YES;
				CLANG_WARN__DUPLICATE_METHOD_MATCH = YES;
				COPY_PHASE_STRIP = NO;
				DEBUG_INFORMATION_FORMAT = "dwarf-with-dsym";
				ENABLE_NS_ASSERTIONS = NO;
				ENABLE_STRICT_OBJC_MSGSEND = YES;
				GCC_C_LANGUAGE_STANDARD = gnu11;
				GCC_NO_COMMON_BLOCKS = YES;
				GCC_WARN_64_TO_32_BIT_CONVERSION = YES;
				GCC_WARN_ABOUT_RETURN_TYPE = YES_ERROR;
				GCC_WARN_UNDECLARED_SELECTOR = YES;
				GCC_WARN_UNINITIALIZED_AUTOS = YES_AGGRESSIVE;
				GCC_WARN_UNUSED_FUNCTION = YES;
				GCC_WARN_UNUSED_VARIABLE = YES;
				IPHONEOS_DEPLOYMENT_TARGET = 13.5;
				MTL_ENABLE_DEBUG_INFO = NO;
				MTL_FAST_MATH = YES;
				SDKROOT = iphoneos;
				SWIFT_COMPILATION_MODE = wholemodule;
				SWIFT_OPTIMIZATION_LEVEL = "-O";
				VALIDATE_PRODUCT = YES;
			};
			name = Release;
		};
		C574A66E24A179B30029164A /* Debug */ = {
			isa = XCBuildConfiguration;
			buildSettings = {
				ASSETCATALOG_COMPILER_APPICON_NAME = AppIcon;
				CODE_SIGN_STYLE = Automatic;
				DEVELOPMENT_TEAM = 45SM322PJ5;
				INFOPLIST_FILE = "hws-07-WhitehousePetitions/Info.plist";
				LD_RUNPATH_SEARCH_PATHS = (
					"$(inherited)",
					"@executable_path/Frameworks",
				);
				PRODUCT_BUNDLE_IDENTIFIER = "com.mcgrathhayes.hws-07-WhitehousePetitions";
				PRODUCT_NAME = "$(TARGET_NAME)";
				SWIFT_VERSION = 5.0;
				TARGETED_DEVICE_FAMILY = "1,2";
			};
			name = Debug;
		};
		C574A66F24A179B30029164A /* Release */ = {
			isa = XCBuildConfiguration;
			buildSettings = {
				ASSETCATALOG_COMPILER_APPICON_NAME = AppIcon;
				CODE_SIGN_STYLE = Automatic;
				DEVELOPMENT_TEAM = 45SM322PJ5;
				INFOPLIST_FILE = "hws-07-WhitehousePetitions/Info.plist";
				LD_RUNPATH_SEARCH_PATHS = (
					"$(inherited)",
					"@executable_path/Frameworks",
				);
				PRODUCT_BUNDLE_IDENTIFIER = "com.mcgrathhayes.hws-07-WhitehousePetitions";
				PRODUCT_NAME = "$(TARGET_NAME)";
				SWIFT_VERSION = 5.0;
				TARGETED_DEVICE_FAMILY = "1,2";
			};
			name = Release;
		};
/* End XCBuildConfiguration section */

/* Begin XCConfigurationList section */
		C574A65424A179B20029164A /* Build configuration list for PBXProject "hws-07-WhitehousePetitions" */ = {
			isa = XCConfigurationList;
			buildConfigurations = (
				C574A66B24A179B30029164A /* Debug */,
				C574A66C24A179B30029164A /* Release */,
			);
			defaultConfigurationIsVisible = 0;
			defaultConfigurationName = Release;
		};
		C574A66D24A179B30029164A /* Build configuration list for PBXNativeTarget "hws-07-WhitehousePetitions" */ = {
			isa = XCConfigurationList;
			buildConfigurations = (
				C574A66E24A179B30029164A /* Debug */,
				C574A66F24A179B30029164A /* Release */,
			);
			defaultConfigurationIsVisible = 0;
			defaultConfigurationName = Release;
		};
/* End XCConfigurationList section */
	};
	rootObject = C574A65124A179B20029164A /* Project object */;
}
